
Microsoft Visual Studio Solution File, Format Version 12.00
# Visual Studio Version 17
VisualStudioVersion = 17.9.34607.119
MinimumVisualStudioVersion = 10.0.40219.1
Project("{9A19103F-16F7-4668-BE54-9A1E7A4F7556}") = "MegaSchool1.Model", "MegaSchool1.Model\MegaSchool1.Model.csproj", "{7611CE3A-E5A3-4114-88DF-185EFB2B81F3}"
EndProject
Project("{9A19103F-16F7-4668-BE54-9A1E7A4F7556}") = "MegaSchool1.ViewModel", "MegaSchool1.ViewModel\MegaSchool1.ViewModel.csproj", "{B919EAAF-161C-4FDE-A23A-97FD861BAAA9}"
EndProject
Project("{9A19103F-16F7-4668-BE54-9A1E7A4F7556}") = "MegaSchool1", "MegaSchool1\MegaSchool1.csproj", "{2A0B5ED4-08F7-426C-BB10-EB5671C4D0DD}"
EndProject
Project("{FAE04EC0-301F-11D3-BF4B-00C04F79EFBC}") = "MegaSchool1.Model.Test", "MegaSchool1.Model.Test\MegaSchool1.Model.Test.csproj", "{5F122152-24C2-4F4C-BC5D-E2853A47BA73}"
EndProject
Project("{FAE04EC0-301F-11D3-BF4B-00C04F79EFBC}") = "Flow.Model", "Flow.Model\Flow.Model.csproj", "{A585BE18-BC28-4C95-9160-D76DF871571F}"
EndProject
Project("{FAE04EC0-301F-11D3-BF4B-00C04F79EFBC}") = "Flow.UI", "Flow.UI\Flow.UI.csproj", "{77B57FBF-BFA4-416E-8F57-186866EC2F8F}"
EndProject
Project("{FAE04EC0-301F-11D3-BF4B-00C04F79EFBC}") = "Foundation.Model", "Foundation.Model\Foundation.Model.csproj", "{BF75A842-C049-42F3-9B7D-829D747E3DEF}"
EndProject
Project("{FAE04EC0-301F-11D3-BF4B-00C04F79EFBC}") = "Foundation.UI", "Foundation.UI\Foundation.UI.csproj", "{5BD9AD4E-866F-4023-8A74-09AEF3A7C806}"
EndProject
Project("{2150E333-8FDC-42A3-9474-1A3956D46DE8}") = "Foundation", "Foundation", "{F0CA89E1-A669-4945-9122-00364645DEF4}"
EndProject
Project("{2150E333-8FDC-42A3-9474-1A3956D46DE8}") = "Flow", "Flow", "{0ED69439-DB48-4B81-9D60-61583D410494}"
EndProject
Project("{2150E333-8FDC-42A3-9474-1A3956D46DE8}") = "USA", "USA", "{D72623EE-4C23-475B-84F3-5A1CBD3D1670}"
EndProject
Project("{FAE04EC0-301F-11D3-BF4B-00C04F79EFBC}") = "USA.Test", "USA.Test\USA.Test.csproj", "{F26AB5D4-2699-4921-B449-E2389046729F}"
EndProject
Project("{FAE04EC0-301F-11D3-BF4B-00C04F79EFBC}") = "Stellar", "Stellar\Stellar.csproj", "{719D85DB-139E-4BC3-98FC-50D20C8A1811}"
EndProject
Project("{FAE04EC0-301F-11D3-BF4B-00C04F79EFBC}") = "USA.Model", "USA.Model\USA.Model.csproj", "{FB62463D-BCCC-4D75-A60D-269B92DF5DF0}"
EndProject
Project("{FAE04EC0-301F-11D3-BF4B-00C04F79EFBC}") = "HorizonProxy", "HorizonProxy\HorizonProxy.csproj", "{5FD92948-8A69-4731-91F4-9E9C6FEF6269}"
EndProject
Global
	GlobalSection(SolutionConfigurationPlatforms) = preSolution
		Debug|Any CPU = Debug|Any CPU
		Release|Any CPU = Release|Any CPU
	EndGlobalSection
	GlobalSection(ProjectConfigurationPlatforms) = postSolution
		{7611CE3A-E5A3-4114-88DF-185EFB2B81F3}.Debug|Any CPU.ActiveCfg = Debug|Any CPU
		{7611CE3A-E5A3-4114-88DF-185EFB2B81F3}.Debug|Any CPU.Build.0 = Debug|Any CPU
		{7611CE3A-E5A3-4114-88DF-185EFB2B81F3}.Release|Any CPU.ActiveCfg = Release|Any CPU
		{7611CE3A-E5A3-4114-88DF-185EFB2B81F3}.Release|Any CPU.Build.0 = Release|Any CPU
		{B919EAAF-161C-4FDE-A23A-97FD861BAAA9}.Debug|Any CPU.ActiveCfg = Debug|Any CPU
		{B919EAAF-161C-4FDE-A23A-97FD861BAAA9}.Debug|Any CPU.Build.0 = Debug|Any CPU
		{B919EAAF-161C-4FDE-A23A-97FD861BAAA9}.Release|Any CPU.ActiveCfg = Release|Any CPU
		{B919EAAF-161C-4FDE-A23A-97FD861BAAA9}.Release|Any CPU.Build.0 = Release|Any CPU
		{2A0B5ED4-08F7-426C-BB10-EB5671C4D0DD}.Debug|Any CPU.ActiveCfg = Debug|Any CPU
		{2A0B5ED4-08F7-426C-BB10-EB5671C4D0DD}.Debug|Any CPU.Build.0 = Debug|Any CPU
		{2A0B5ED4-08F7-426C-BB10-EB5671C4D0DD}.Release|Any CPU.ActiveCfg = Release|Any CPU
		{2A0B5ED4-08F7-426C-BB10-EB5671C4D0DD}.Release|Any CPU.Build.0 = Release|Any CPU
		{5F122152-24C2-4F4C-BC5D-E2853A47BA73}.Debug|Any CPU.ActiveCfg = Debug|Any CPU
		{5F122152-24C2-4F4C-BC5D-E2853A47BA73}.Debug|Any CPU.Build.0 = Debug|Any CPU
		{5F122152-24C2-4F4C-BC5D-E2853A47BA73}.Release|Any CPU.ActiveCfg = Release|Any CPU
		{5F122152-24C2-4F4C-BC5D-E2853A47BA73}.Release|Any CPU.Build.0 = Release|Any CPU
		{A585BE18-BC28-4C95-9160-D76DF871571F}.Debug|Any CPU.ActiveCfg = Debug|Any CPU
		{A585BE18-BC28-4C95-9160-D76DF871571F}.Debug|Any CPU.Build.0 = Debug|Any CPU
		{A585BE18-BC28-4C95-9160-D76DF871571F}.Release|Any CPU.ActiveCfg = Release|Any CPU
		{A585BE18-BC28-4C95-9160-D76DF871571F}.Release|Any CPU.Build.0 = Release|Any CPU
		{77B57FBF-BFA4-416E-8F57-186866EC2F8F}.Debug|Any CPU.ActiveCfg = Debug|Any CPU
		{77B57FBF-BFA4-416E-8F57-186866EC2F8F}.Debug|Any CPU.Build.0 = Debug|Any CPU
		{77B57FBF-BFA4-416E-8F57-186866EC2F8F}.Release|Any CPU.ActiveCfg = Release|Any CPU
		{77B57FBF-BFA4-416E-8F57-186866EC2F8F}.Release|Any CPU.Build.0 = Release|Any CPU
		{BF75A842-C049-42F3-9B7D-829D747E3DEF}.Debug|Any CPU.ActiveCfg = Debug|Any CPU
		{BF75A842-C049-42F3-9B7D-829D747E3DEF}.Debug|Any CPU.Build.0 = Debug|Any CPU
		{BF75A842-C049-42F3-9B7D-829D747E3DEF}.Release|Any CPU.ActiveCfg = Release|Any CPU
		{BF75A842-C049-42F3-9B7D-829D747E3DEF}.Release|Any CPU.Build.0 = Release|Any CPU
		{5BD9AD4E-866F-4023-8A74-09AEF3A7C806}.Debug|Any CPU.ActiveCfg = Debug|Any CPU
		{5BD9AD4E-866F-4023-8A74-09AEF3A7C806}.Debug|Any CPU.Build.0 = Debug|Any CPU
		{5BD9AD4E-866F-4023-8A74-09AEF3A7C806}.Release|Any CPU.ActiveCfg = Release|Any CPU
		{5BD9AD4E-866F-4023-8A74-09AEF3A7C806}.Release|Any CPU.Build.0 = Release|Any CPU
		{F26AB5D4-2699-4921-B449-E2389046729F}.Debug|Any CPU.ActiveCfg = Debug|Any CPU
		{F26AB5D4-2699-4921-B449-E2389046729F}.Debug|Any CPU.Build.0 = Debug|Any CPU
		{F26AB5D4-2699-4921-B449-E2389046729F}.Release|Any CPU.ActiveCfg = Release|Any CPU
		{F26AB5D4-2699-4921-B449-E2389046729F}.Release|Any CPU.Build.0 = Release|Any CPU
		{719D85DB-139E-4BC3-98FC-50D20C8A1811}.Debug|Any CPU.ActiveCfg = Debug|Any CPU
		{719D85DB-139E-4BC3-98FC-50D20C8A1811}.Debug|Any CPU.Build.0 = Debug|Any CPU
		{719D85DB-139E-4BC3-98FC-50D20C8A1811}.Release|Any CPU.ActiveCfg = Release|Any CPU
		{719D85DB-139E-4BC3-98FC-50D20C8A1811}.Release|Any CPU.Build.0 = Release|Any CPU
		{FB62463D-BCCC-4D75-A60D-269B92DF5DF0}.Debug|Any CPU.ActiveCfg = Debug|Any CPU
		{FB62463D-BCCC-4D75-A60D-269B92DF5DF0}.Debug|Any CPU.Build.0 = Debug|Any CPU
		{FB62463D-BCCC-4D75-A60D-269B92DF5DF0}.Release|Any CPU.ActiveCfg = Release|Any CPU
		{FB62463D-BCCC-4D75-A60D-269B92DF5DF0}.Release|Any CPU.Build.0 = Release|Any CPU
		{5FD92948-8A69-4731-91F4-9E9C6FEF6269}.Debug|Any CPU.ActiveCfg = Debug|Any CPU
		{5FD92948-8A69-4731-91F4-9E9C6FEF6269}.Debug|Any CPU.Build.0 = Debug|Any CPU
		{5FD92948-8A69-4731-91F4-9E9C6FEF6269}.Release|Any CPU.ActiveCfg = Release|Any CPU
		{5FD92948-8A69-4731-91F4-9E9C6FEF6269}.Release|Any CPU.Build.0 = Release|Any CPU
	EndGlobalSection
	GlobalSection(SolutionProperties) = preSolution
		HideSolutionNode = FALSE
	EndGlobalSection
	GlobalSection(NestedProjects) = preSolution
		{A585BE18-BC28-4C95-9160-D76DF871571F} = {0ED69439-DB48-4B81-9D60-61583D410494}
		{77B57FBF-BFA4-416E-8F57-186866EC2F8F} = {0ED69439-DB48-4B81-9D60-61583D410494}
		{BF75A842-C049-42F3-9B7D-829D747E3DEF} = {F0CA89E1-A669-4945-9122-00364645DEF4}
		{5BD9AD4E-866F-4023-8A74-09AEF3A7C806} = {F0CA89E1-A669-4945-9122-00364645DEF4}
		{F26AB5D4-2699-4921-B449-E2389046729F} = {D72623EE-4C23-475B-84F3-5A1CBD3D1670}
		{719D85DB-139E-4BC3-98FC-50D20C8A1811} = {D72623EE-4C23-475B-84F3-5A1CBD3D1670}
		{FB62463D-BCCC-4D75-A60D-269B92DF5DF0} = {D72623EE-4C23-475B-84F3-5A1CBD3D1670}
		{5FD92948-8A69-4731-91F4-9E9C6FEF6269} = {D72623EE-4C23-475B-84F3-5A1CBD3D1670}
	EndGlobalSection
	GlobalSection(ExtensibilityGlobals) = postSolution
		SolutionGuid = {60F1E174-3DDE-4CA1-83A9-890E9C852234}
	EndGlobalSection
EndGlobal
