
Microsoft Visual Studio Solution File, Format Version 12.00
# Visual Studio Version 17
VisualStudioVersion = 17.9.34607.119
MinimumVisualStudioVersion = 10.0.40219.1
Project("{9A19103F-16F7-4668-BE54-9A1E7A4F7556}") = "Shareable", "Shareable\Shareable.csproj", "{042836FE-AB31-46D6-9547-B6FA269A0894}"
EndProject
Global
	GlobalSection(SolutionConfigurationPlatforms) = preSolution
		Debug|Any CPU = Debug|Any CPU
		Release|Any CPU = Release|Any CPU
	EndGlobalSection
	GlobalSection(ProjectConfigurationPlatforms) = postSolution
		{042836FE-AB31-46D6-9547-B6FA269A0894}.Debug|Any CPU.ActiveCfg = Debug|Any CPU
		{042836FE-AB31-46D6-9547-B6FA269A0894}.Debug|Any CPU.Build.0 = Debug|Any CPU
		{042836FE-AB31-46D6-9547-B6FA269A0894}.Release|Any CPU.ActiveCfg = Release|Any CPU
		{042836FE-AB31-46D6-9547-B6FA269A0894}.Release|Any CPU.Build.0 = Release|Any CPU
	EndGlobalSection
	GlobalSection(SolutionProperties) = preSolution
		HideSolutionNode = FALSE
	EndGlobalSection
	GlobalSection(ExtensibilityGlobals) = postSolution
		SolutionGuid = {60F1E174-3DDE-4CA1-83A9-890E9C852234}
	EndGlobalSection
EndGlobal
